
Microsoft Visual Studio Solution File, Format Version 12.00
# Visual Studio Version 17
VisualStudioVersion = 17.9.34616.47
MinimumVisualStudioVersion = 10.0.40219.1
Project("{9A19103F-16F7-4668-BE54-9A1E7A4F7556}") = "Cosmic String", "PBB Trainer\Cosmic String.csproj", "{945EE6C7-E2BA-466B-91F0-80BF6F1A28E7}"
EndProject
Global
	GlobalSection(SolutionConfigurationPlatforms) = preSolution
		Debug|Any CPU = Debug|Any CPU
		Release|Any CPU = Release|Any CPU
	EndGlobalSection
	GlobalSection(ProjectConfigurationPlatforms) = postSolution
		{945EE6C7-E2BA-466B-91F0-80BF6F1A28E7}.Debug|Any CPU.ActiveCfg = Debug|Any CPU
		{945EE6C7-E2BA-466B-91F0-80BF6F1A28E7}.Debug|Any CPU.Build.0 = Debug|Any CPU
		{945EE6C7-E2BA-466B-91F0-80BF6F1A28E7}.Release|Any CPU.ActiveCfg = Release|Any CPU
		{945EE6C7-E2BA-466B-91F0-80BF6F1A28E7}.Release|Any CPU.Build.0 = Release|Any CPU
	EndGlobalSection
	GlobalSection(SolutionProperties) = preSolution
		HideSolutionNode = FALSE
	EndGlobalSection
	GlobalSection(ExtensibilityGlobals) = postSolution
		SolutionGuid = {444066D5-C6B8-4D59-A3FC-DBDF38269438}
	EndGlobalSection
EndGlobal
